
Microsoft Visual Studio Solution File, Format Version 12.00
# Visual Studio Version 17
VisualStudioVersion = 17.0.32014.148
MinimumVisualStudioVersion = 10.0.40219.1
Project("{FAE04EC0-301F-11D3-BF4B-00C04F79EFBC}") = "TimelineWallpaper", "TimelineWallpaper.csproj", "{C3BF495A-6BF6-4D5B-9ED9-2C3213399FB8}"
EndProject
Project("{FAE04EC0-301F-11D3-BF4B-00C04F79EFBC}") = "TimelineWallpaperService", "..\TimelineWallpaperService\TimelineWallpaperService.csproj", "{C8B76130-7DE6-469C-9051-D8CB783329FC}"
EndProject
Global
	GlobalSection(SolutionConfigurationPlatforms) = preSolution
		Debug|Any CPU = Debug|Any CPU
		Debug|ARM = Debug|ARM
		Debug|ARM64 = Debug|ARM64
		Debug|x64 = Debug|x64
		Debug|x86 = Debug|x86
		Release|Any CPU = Release|Any CPU
		Release|ARM = Release|ARM
		Release|ARM64 = Release|ARM64
		Release|x64 = Release|x64
		Release|x86 = Release|x86
	EndGlobalSection
	GlobalSection(ProjectConfigurationPlatforms) = postSolution
		{C3BF495A-6BF6-4D5B-9ED9-2C3213399FB8}.Debug|Any CPU.ActiveCfg = Debug|x86
		{C3BF495A-6BF6-4D5B-9ED9-2C3213399FB8}.Debug|ARM.ActiveCfg = Debug|ARM
		{C3BF495A-6BF6-4D5B-9ED9-2C3213399FB8}.Debug|ARM.Build.0 = Debug|ARM
		{C3BF495A-6BF6-4D5B-9ED9-2C3213399FB8}.Debug|ARM.Deploy.0 = Debug|ARM
		{C3BF495A-6BF6-4D5B-9ED9-2C3213399FB8}.Debug|ARM64.ActiveCfg = Debug|ARM64
		{C3BF495A-6BF6-4D5B-9ED9-2C3213399FB8}.Debug|ARM64.Build.0 = Debug|ARM64
		{C3BF495A-6BF6-4D5B-9ED9-2C3213399FB8}.Debug|ARM64.Deploy.0 = Debug|ARM64
		{C3BF495A-6BF6-4D5B-9ED9-2C3213399FB8}.Debug|x64.ActiveCfg = Debug|x64
		{C3BF495A-6BF6-4D5B-9ED9-2C3213399FB8}.Debug|x64.Build.0 = Debug|x64
		{C3BF495A-6BF6-4D5B-9ED9-2C3213399FB8}.Debug|x64.Deploy.0 = Debug|x64
		{C3BF495A-6BF6-4D5B-9ED9-2C3213399FB8}.Debug|x86.ActiveCfg = Debug|x86
		{C3BF495A-6BF6-4D5B-9ED9-2C3213399FB8}.Debug|x86.Build.0 = Debug|x86
		{C3BF495A-6BF6-4D5B-9ED9-2C3213399FB8}.Debug|x86.Deploy.0 = Debug|x86
		{C3BF495A-6BF6-4D5B-9ED9-2C3213399FB8}.Release|Any CPU.ActiveCfg = Release|x86
		{C3BF495A-6BF6-4D5B-9ED9-2C3213399FB8}.Release|ARM.ActiveCfg = Release|ARM
		{C3BF495A-6BF6-4D5B-9ED9-2C3213399FB8}.Release|ARM.Build.0 = Release|ARM
		{C3BF495A-6BF6-4D5B-9ED9-2C3213399FB8}.Release|ARM.Deploy.0 = Release|ARM
		{C3BF495A-6BF6-4D5B-9ED9-2C3213399FB8}.Release|ARM64.ActiveCfg = Release|ARM64
		{C3BF495A-6BF6-4D5B-9ED9-2C3213399FB8}.Release|ARM64.Build.0 = Release|ARM64
		{C3BF495A-6BF6-4D5B-9ED9-2C3213399FB8}.Release|ARM64.Deploy.0 = Release|ARM64
		{C3BF495A-6BF6-4D5B-9ED9-2C3213399FB8}.Release|x64.ActiveCfg = Release|x64
		{C3BF495A-6BF6-4D5B-9ED9-2C3213399FB8}.Release|x64.Build.0 = Release|x64
		{C3BF495A-6BF6-4D5B-9ED9-2C3213399FB8}.Release|x64.Deploy.0 = Release|x64
		{C3BF495A-6BF6-4D5B-9ED9-2C3213399FB8}.Release|x86.ActiveCfg = Release|x86
		{C3BF495A-6BF6-4D5B-9ED9-2C3213399FB8}.Release|x86.Build.0 = Release|x86
		{C3BF495A-6BF6-4D5B-9ED9-2C3213399FB8}.Release|x86.Deploy.0 = Release|x86
		{C8B76130-7DE6-469C-9051-D8CB783329FC}.Debug|Any CPU.ActiveCfg = Debug|Any CPU
		{C8B76130-7DE6-469C-9051-D8CB783329FC}.Debug|Any CPU.Build.0 = Debug|Any CPU
		{C8B76130-7DE6-469C-9051-D8CB783329FC}.Debug|ARM.ActiveCfg = Debug|ARM
		{C8B76130-7DE6-469C-9051-D8CB783329FC}.Debug|ARM.Build.0 = Debug|ARM
		{C8B76130-7DE6-469C-9051-D8CB783329FC}.Debug|ARM64.ActiveCfg = Debug|ARM64
		{C8B76130-7DE6-469C-9051-D8CB783329FC}.Debug|ARM64.Build.0 = Debug|ARM64
		{C8B76130-7DE6-469C-9051-D8CB783329FC}.Debug|x64.ActiveCfg = Debug|x64
		{C8B76130-7DE6-469C-9051-D8CB783329FC}.Debug|x64.Build.0 = Debug|x64
		{C8B76130-7DE6-469C-9051-D8CB783329FC}.Debug|x86.ActiveCfg = Debug|x86
		{C8B76130-7DE6-469C-9051-D8CB783329FC}.Debug|x86.Build.0 = Debug|x86
		{C8B76130-7DE6-469C-9051-D8CB783329FC}.Release|Any CPU.ActiveCfg = Release|Any CPU
		{C8B76130-7DE6-469C-9051-D8CB783329FC}.Release|Any CPU.Build.0 = Release|Any CPU
		{C8B76130-7DE6-469C-9051-D8CB783329FC}.Release|ARM.ActiveCfg = Release|ARM
		{C8B76130-7DE6-469C-9051-D8CB783329FC}.Release|ARM.Build.0 = Release|ARM
		{C8B76130-7DE6-469C-9051-D8CB783329FC}.Release|ARM64.ActiveCfg = Release|ARM64
		{C8B76130-7DE6-469C-9051-D8CB783329FC}.Release|ARM64.Build.0 = Release|ARM64
		{C8B76130-7DE6-469C-9051-D8CB783329FC}.Release|x64.ActiveCfg = Release|x64
		{C8B76130-7DE6-469C-9051-D8CB783329FC}.Release|x64.Build.0 = Release|x64
		{C8B76130-7DE6-469C-9051-D8CB783329FC}.Release|x86.ActiveCfg = Release|x86
		{C8B76130-7DE6-469C-9051-D8CB783329FC}.Release|x86.Build.0 = Release|x86
	EndGlobalSection
	GlobalSection(SolutionProperties) = preSolution
		HideSolutionNode = FALSE
	EndGlobalSection
	GlobalSection(ExtensibilityGlobals) = postSolution
		SolutionGuid = {DCEE2FD0-0D0F-4F98-B7EB-E17C093E05E4}
	EndGlobalSection
EndGlobal
